
Microsoft Visual Studio Solution File, Format Version 12.00
# Visual Studio 15
VisualStudioVersion = 15.0.28307.902
MinimumVisualStudioVersion = 10.0.40219.1
Project("{E24C65DC-7377-472B-9ABA-BC803B73C61A}") = "UTM ALIS", "UTM ALIS\", "{08AF8CA5-E8C1-4E34-B234-526648227ADE}"
	ProjectSection(WebsiteProperties) = preProject
		TargetFrameworkMoniker = ".NETFramework,Version%3Dv4.6.1"
		Debug.AspNetCompiler.VirtualPath = "/localhost_59614"
		Debug.AspNetCompiler.PhysicalPath = "UTM ALIS\"
		Debug.AspNetCompiler.TargetPath = "PrecompiledWeb\localhost_59614\"
		Debug.AspNetCompiler.Updateable = "true"
		Debug.AspNetCompiler.ForceOverwrite = "true"
		Debug.AspNetCompiler.FixedNames = "false"
		Debug.AspNetCompiler.Debug = "True"
		Release.AspNetCompiler.VirtualPath = "/localhost_59614"
		Release.AspNetCompiler.PhysicalPath = "UTM ALIS\"
		Release.AspNetCompiler.TargetPath = "PrecompiledWeb\localhost_59614\"
		Release.AspNetCompiler.Updateable = "true"
		Release.AspNetCompiler.ForceOverwrite = "true"
		Release.AspNetCompiler.FixedNames = "false"
		Release.AspNetCompiler.Debug = "False"
		VWDPort = "59614"
		SlnRelativePath = "UTM ALIS\"
		DefaultWebSiteLanguage = "Visual C#"
	EndProjectSection
EndProject
Global
	GlobalSection(SolutionConfigurationPlatforms) = preSolution
		Debug|Any CPU = Debug|Any CPU
	EndGlobalSection
	GlobalSection(ProjectConfigurationPlatforms) = postSolution
		{08AF8CA5-E8C1-4E34-B234-526648227ADE}.Debug|Any CPU.ActiveCfg = Debug|Any CPU
		{08AF8CA5-E8C1-4E34-B234-526648227ADE}.Debug|Any CPU.Build.0 = Debug|Any CPU
	EndGlobalSection
	GlobalSection(SolutionProperties) = preSolution
		HideSolutionNode = FALSE
	EndGlobalSection
	GlobalSection(ExtensibilityGlobals) = postSolution
		SolutionGuid = {C16C3B54-E49C-4A56-8605-4BC0049BA983}
	EndGlobalSection
EndGlobal
